
Microsoft Visual Studio Solution File, Format Version 12.00
# Visual Studio 14
VisualStudioVersion = 14.0.25420.1
MinimumVisualStudioVersion = 10.0.40219.1
Project("{FAE04EC0-301F-11D3-BF4B-00C04F79EFBC}") = "FileEncrypt", "FileEncrypt\FileEncrypt.csproj", "{0540B1FA-97B7-4BE2-B090-7A80C9789644}"
EndProject
Project("{FAE04EC0-301F-11D3-BF4B-00C04F79EFBC}") = "FileHash", "FileHash\FileHash.csproj", "{07A28D24-F2C9-4FD1-91AF-5620BCD824B6}"
EndProject
Project("{FAE04EC0-301F-11D3-BF4B-00C04F79EFBC}") = "FindError", "FindError\FindError.csproj", "{13839BE0-04CC-40A2-92E2-171934AB0459}"
EndProject
Project("{FAE04EC0-301F-11D3-BF4B-00C04F79EFBC}") = "FileCut", "FileCut\FileCut.csproj", "{7F568F45-D216-49D7-8F91-40C1529AA284}"
EndProject
Project("{FAE04EC0-301F-11D3-BF4B-00C04F79EFBC}") = "GifCut", "GifCut\GifCut.csproj", "{2FBC38E7-16D9-4D3B-92B9-CBA797A91AFA}"
EndProject
Global
	GlobalSection(SolutionConfigurationPlatforms) = preSolution
		Debug|Any CPU = Debug|Any CPU
		Release|Any CPU = Release|Any CPU
	EndGlobalSection
	GlobalSection(ProjectConfigurationPlatforms) = postSolution
		{0540B1FA-97B7-4BE2-B090-7A80C9789644}.Debug|Any CPU.ActiveCfg = Debug|Any CPU
		{0540B1FA-97B7-4BE2-B090-7A80C9789644}.Debug|Any CPU.Build.0 = Debug|Any CPU
		{0540B1FA-97B7-4BE2-B090-7A80C9789644}.Release|Any CPU.ActiveCfg = Release|Any CPU
		{0540B1FA-97B7-4BE2-B090-7A80C9789644}.Release|Any CPU.Build.0 = Release|Any CPU
		{07A28D24-F2C9-4FD1-91AF-5620BCD824B6}.Debug|Any CPU.ActiveCfg = Debug|Any CPU
		{07A28D24-F2C9-4FD1-91AF-5620BCD824B6}.Debug|Any CPU.Build.0 = Debug|Any CPU
		{07A28D24-F2C9-4FD1-91AF-5620BCD824B6}.Release|Any CPU.ActiveCfg = Release|Any CPU
		{07A28D24-F2C9-4FD1-91AF-5620BCD824B6}.Release|Any CPU.Build.0 = Release|Any CPU
		{13839BE0-04CC-40A2-92E2-171934AB0459}.Debug|Any CPU.ActiveCfg = Debug|Any CPU
		{13839BE0-04CC-40A2-92E2-171934AB0459}.Debug|Any CPU.Build.0 = Debug|Any CPU
		{13839BE0-04CC-40A2-92E2-171934AB0459}.Release|Any CPU.ActiveCfg = Release|Any CPU
		{13839BE0-04CC-40A2-92E2-171934AB0459}.Release|Any CPU.Build.0 = Release|Any CPU
		{7F568F45-D216-49D7-8F91-40C1529AA284}.Debug|Any CPU.ActiveCfg = Debug|Any CPU
		{7F568F45-D216-49D7-8F91-40C1529AA284}.Debug|Any CPU.Build.0 = Debug|Any CPU
		{7F568F45-D216-49D7-8F91-40C1529AA284}.Release|Any CPU.ActiveCfg = Release|Any CPU
		{7F568F45-D216-49D7-8F91-40C1529AA284}.Release|Any CPU.Build.0 = Release|Any CPU
		{2FBC38E7-16D9-4D3B-92B9-CBA797A91AFA}.Debug|Any CPU.ActiveCfg = Debug|Any CPU
		{2FBC38E7-16D9-4D3B-92B9-CBA797A91AFA}.Debug|Any CPU.Build.0 = Debug|Any CPU
		{2FBC38E7-16D9-4D3B-92B9-CBA797A91AFA}.Release|Any CPU.ActiveCfg = Release|Any CPU
		{2FBC38E7-16D9-4D3B-92B9-CBA797A91AFA}.Release|Any CPU.Build.0 = Release|Any CPU
	EndGlobalSection
	GlobalSection(SolutionProperties) = preSolution
		HideSolutionNode = FALSE
	EndGlobalSection
EndGlobal
